
Microsoft Visual Studio Solution File, Format Version 12.00
# Visual Studio Version 16
VisualStudioVersion = 16.0.29411.108
MinimumVisualStudioVersion = 10.0.40219.1
Project("{FAE04EC0-301F-11D3-BF4B-00C04F79EFBC}") = "PersonalSpaceUI", "PersonalSpaceUI\PersonalSpaceUI.csproj", "{3FAD33F4-4DC5-420E-ABF9-A698362E5611}"
EndProject
Project("{9A19103F-16F7-4668-BE54-9A1E7A4F7556}") = "WebApi", "WebApi\WebApi.csproj", "{017E1B03-CDB5-48B6-83E8-EB3E09B80275}"
EndProject
Global
	GlobalSection(SolutionConfigurationPlatforms) = preSolution
		Debug|Any CPU = Debug|Any CPU
		Release|Any CPU = Release|Any CPU
	EndGlobalSection
	GlobalSection(ProjectConfigurationPlatforms) = postSolution
		{3FAD33F4-4DC5-420E-ABF9-A698362E5611}.Debug|Any CPU.ActiveCfg = Debug|Any CPU
		{3FAD33F4-4DC5-420E-ABF9-A698362E5611}.Debug|Any CPU.Build.0 = Debug|Any CPU
		{3FAD33F4-4DC5-420E-ABF9-A698362E5611}.Release|Any CPU.ActiveCfg = Release|Any CPU
		{3FAD33F4-4DC5-420E-ABF9-A698362E5611}.Release|Any CPU.Build.0 = Release|Any CPU
		{017E1B03-CDB5-48B6-83E8-EB3E09B80275}.Debug|Any CPU.ActiveCfg = Debug|Any CPU
		{017E1B03-CDB5-48B6-83E8-EB3E09B80275}.Debug|Any CPU.Build.0 = Debug|Any CPU
		{017E1B03-CDB5-48B6-83E8-EB3E09B80275}.Release|Any CPU.ActiveCfg = Release|Any CPU
		{017E1B03-CDB5-48B6-83E8-EB3E09B80275}.Release|Any CPU.Build.0 = Release|Any CPU
	EndGlobalSection
	GlobalSection(SolutionProperties) = preSolution
		HideSolutionNode = FALSE
	EndGlobalSection
	GlobalSection(ExtensibilityGlobals) = postSolution
		SolutionGuid = {9972022C-AA96-4C9C-ACBA-41BAB65D6342}
	EndGlobalSection
EndGlobal
